
Microsoft Visual Studio Solution File, Format Version 12.00
# Visual Studio 15
VisualStudioVersion = 15.0.28307.421
MinimumVisualStudioVersion = 10.0.40219.1
Project("{FAE04EC0-301F-11D3-BF4B-00C04F79EFBC}") = "ArcTouch.Movies.Android", "ArcTouch.Movies\ArcTouch.Movies.Android\ArcTouch.Movies.Android.csproj", "{5B9820FC-C264-4454-BE9F-4807EBFB0451}"
EndProject
Project("{FAE04EC0-301F-11D3-BF4B-00C04F79EFBC}") = "ArcTouch.Movies.iOS", "ArcTouch.Movies\ArcTouch.Movies.iOS\ArcTouch.Movies.iOS.csproj", "{7B68BC82-09B4-4F08-8231-49342C324CCC}"
EndProject
Project("{FAE04EC0-301F-11D3-BF4B-00C04F79EFBC}") = "ArcTouch.Movies", "ArcTouch.Movies\ArcTouch.Movies\ArcTouch.Movies.csproj", "{00D634E4-EF11-46B0-AE4C-C28B88BF9912}"
EndProject
Global
	GlobalSection(SolutionConfigurationPlatforms) = preSolution
		Ad-Hoc|Any CPU = Ad-Hoc|Any CPU
		Ad-Hoc|iPhone = Ad-Hoc|iPhone
		Ad-Hoc|iPhoneSimulator = Ad-Hoc|iPhoneSimulator
		AppStore|Any CPU = AppStore|Any CPU
		AppStore|iPhone = AppStore|iPhone
		AppStore|iPhoneSimulator = AppStore|iPhoneSimulator
		Debug|Any CPU = Debug|Any CPU
		Debug|iPhone = Debug|iPhone
		Debug|iPhoneSimulator = Debug|iPhoneSimulator
		Release|Any CPU = Release|Any CPU
		Release|iPhone = Release|iPhone
		Release|iPhoneSimulator = Release|iPhoneSimulator
	EndGlobalSection
	GlobalSection(ProjectConfigurationPlatforms) = postSolution
		{5B9820FC-C264-4454-BE9F-4807EBFB0451}.Ad-Hoc|Any CPU.ActiveCfg = Release|Any CPU
		{5B9820FC-C264-4454-BE9F-4807EBFB0451}.Ad-Hoc|Any CPU.Build.0 = Release|Any CPU
		{5B9820FC-C264-4454-BE9F-4807EBFB0451}.Ad-Hoc|Any CPU.Deploy.0 = Release|Any CPU
		{5B9820FC-C264-4454-BE9F-4807EBFB0451}.Ad-Hoc|iPhone.ActiveCfg = Release|Any CPU
		{5B9820FC-C264-4454-BE9F-4807EBFB0451}.Ad-Hoc|iPhone.Build.0 = Release|Any CPU
		{5B9820FC-C264-4454-BE9F-4807EBFB0451}.Ad-Hoc|iPhone.Deploy.0 = Release|Any CPU
		{5B9820FC-C264-4454-BE9F-4807EBFB0451}.Ad-Hoc|iPhoneSimulator.ActiveCfg = Release|Any CPU
		{5B9820FC-C264-4454-BE9F-4807EBFB0451}.Ad-Hoc|iPhoneSimulator.Build.0 = Release|Any CPU
		{5B9820FC-C264-4454-BE9F-4807EBFB0451}.Ad-Hoc|iPhoneSimulator.Deploy.0 = Release|Any CPU
		{5B9820FC-C264-4454-BE9F-4807EBFB0451}.AppStore|Any CPU.ActiveCfg = Release|Any CPU
		{5B9820FC-C264-4454-BE9F-4807EBFB0451}.AppStore|Any CPU.Build.0 = Release|Any CPU
		{5B9820FC-C264-4454-BE9F-4807EBFB0451}.AppStore|Any CPU.Deploy.0 = Release|Any CPU
		{5B9820FC-C264-4454-BE9F-4807EBFB0451}.AppStore|iPhone.ActiveCfg = Release|Any CPU
		{5B9820FC-C264-4454-BE9F-4807EBFB0451}.AppStore|iPhone.Build.0 = Release|Any CPU
		{5B9820FC-C264-4454-BE9F-4807EBFB0451}.AppStore|iPhone.Deploy.0 = Release|Any CPU
		{5B9820FC-C264-4454-BE9F-4807EBFB0451}.AppStore|iPhoneSimulator.ActiveCfg = Release|Any CPU
		{5B9820FC-C264-4454-BE9F-4807EBFB0451}.AppStore|iPhoneSimulator.Build.0 = Release|Any CPU
		{5B9820FC-C264-4454-BE9F-4807EBFB0451}.AppStore|iPhoneSimulator.Deploy.0 = Release|Any CPU
		{5B9820FC-C264-4454-BE9F-4807EBFB0451}.Debug|Any CPU.ActiveCfg = Debug|Any CPU
		{5B9820FC-C264-4454-BE9F-4807EBFB0451}.Debug|Any CPU.Build.0 = Debug|Any CPU
		{5B9820FC-C264-4454-BE9F-4807EBFB0451}.Debug|Any CPU.Deploy.0 = Debug|Any CPU
		{5B9820FC-C264-4454-BE9F-4807EBFB0451}.Debug|iPhone.ActiveCfg = Debug|Any CPU
		{5B9820FC-C264-4454-BE9F-4807EBFB0451}.Debug|iPhone.Build.0 = Debug|Any CPU
		{5B9820FC-C264-4454-BE9F-4807EBFB0451}.Debug|iPhone.Deploy.0 = Debug|Any CPU
		{5B9820FC-C264-4454-BE9F-4807EBFB0451}.Debug|iPhoneSimulator.ActiveCfg = Debug|Any CPU
		{5B9820FC-C264-4454-BE9F-4807EBFB0451}.Debug|iPhoneSimulator.Build.0 = Debug|Any CPU
		{5B9820FC-C264-4454-BE9F-4807EBFB0451}.Debug|iPhoneSimulator.Deploy.0 = Debug|Any CPU
		{5B9820FC-C264-4454-BE9F-4807EBFB0451}.Release|Any CPU.ActiveCfg = Release|Any CPU
		{5B9820FC-C264-4454-BE9F-4807EBFB0451}.Release|Any CPU.Build.0 = Release|Any CPU
		{5B9820FC-C264-4454-BE9F-4807EBFB0451}.Release|Any CPU.Deploy.0 = Release|Any CPU
		{5B9820FC-C264-4454-BE9F-4807EBFB0451}.Release|iPhone.ActiveCfg = Release|Any CPU
		{5B9820FC-C264-4454-BE9F-4807EBFB0451}.Release|iPhone.Build.0 = Release|Any CPU
		{5B9820FC-C264-4454-BE9F-4807EBFB0451}.Release|iPhone.Deploy.0 = Release|Any CPU
		{5B9820FC-C264-4454-BE9F-4807EBFB0451}.Release|iPhoneSimulator.ActiveCfg = Release|Any CPU
		{5B9820FC-C264-4454-BE9F-4807EBFB0451}.Release|iPhoneSimulator.Build.0 = Release|Any CPU
		{5B9820FC-C264-4454-BE9F-4807EBFB0451}.Release|iPhoneSimulator.Deploy.0 = Release|Any CPU
		{7B68BC82-09B4-4F08-8231-49342C324CCC}.Ad-Hoc|Any CPU.ActiveCfg = Ad-Hoc|iPhone
		{7B68BC82-09B4-4F08-8231-49342C324CCC}.Ad-Hoc|Any CPU.Build.0 = Ad-Hoc|iPhone
		{7B68BC82-09B4-4F08-8231-49342C324CCC}.Ad-Hoc|Any CPU.Deploy.0 = Ad-Hoc|iPhone
		{7B68BC82-09B4-4F08-8231-49342C324CCC}.Ad-Hoc|iPhone.ActiveCfg = Ad-Hoc|iPhone
		{7B68BC82-09B4-4F08-8231-49342C324CCC}.Ad-Hoc|iPhone.Build.0 = Ad-Hoc|iPhone
		{7B68BC82-09B4-4F08-8231-49342C324CCC}.Ad-Hoc|iPhone.Deploy.0 = Ad-Hoc|iPhone
		{7B68BC82-09B4-4F08-8231-49342C324CCC}.Ad-Hoc|iPhoneSimulator.ActiveCfg = Ad-Hoc|iPhoneSimulator
		{7B68BC82-09B4-4F08-8231-49342C324CCC}.Ad-Hoc|iPhoneSimulator.Build.0 = Ad-Hoc|iPhoneSimulator
		{7B68BC82-09B4-4F08-8231-49342C324CCC}.Ad-Hoc|iPhoneSimulator.Deploy.0 = Ad-Hoc|iPhoneSimulator
		{7B68BC82-09B4-4F08-8231-49342C324CCC}.AppStore|Any CPU.ActiveCfg = AppStore|iPhone
		{7B68BC82-09B4-4F08-8231-49342C324CCC}.AppStore|Any CPU.Build.0 = AppStore|iPhone
		{7B68BC82-09B4-4F08-8231-49342C324CCC}.AppStore|Any CPU.Deploy.0 = AppStore|iPhone
		{7B68BC82-09B4-4F08-8231-49342C324CCC}.AppStore|iPhone.ActiveCfg = AppStore|iPhone
		{7B68BC82-09B4-4F08-8231-49342C324CCC}.AppStore|iPhone.Build.0 = AppStore|iPhone
		{7B68BC82-09B4-4F08-8231-49342C324CCC}.AppStore|iPhone.Deploy.0 = AppStore|iPhone
		{7B68BC82-09B4-4F08-8231-49342C324CCC}.AppStore|iPhoneSimulator.ActiveCfg = AppStore|iPhoneSimulator
		{7B68BC82-09B4-4F08-8231-49342C324CCC}.AppStore|iPhoneSimulator.Build.0 = AppStore|iPhoneSimulator
		{7B68BC82-09B4-4F08-8231-49342C324CCC}.AppStore|iPhoneSimulator.Deploy.0 = AppStore|iPhoneSimulator
		{7B68BC82-09B4-4F08-8231-49342C324CCC}.Debug|Any CPU.ActiveCfg = Debug|iPhoneSimulator
		{7B68BC82-09B4-4F08-8231-49342C324CCC}.Debug|Any CPU.Build.0 = Debug|iPhoneSimulator
		{7B68BC82-09B4-4F08-8231-49342C324CCC}.Debug|Any CPU.Deploy.0 = Debug|iPhoneSimulator
		{7B68BC82-09B4-4F08-8231-49342C324CCC}.Debug|iPhone.ActiveCfg = Debug|iPhone
		{7B68BC82-09B4-4F08-8231-49342C324CCC}.Debug|iPhone.Build.0 = Debug|iPhone
		{7B68BC82-09B4-4F08-8231-49342C324CCC}.Debug|iPhone.Deploy.0 = Debug|iPhone
		{7B68BC82-09B4-4F08-8231-49342C324CCC}.Debug|iPhoneSimulator.ActiveCfg = Debug|iPhoneSimulator
		{7B68BC82-09B4-4F08-8231-49342C324CCC}.Debug|iPhoneSimulator.Build.0 = Debug|iPhoneSimulator
		{7B68BC82-09B4-4F08-8231-49342C324CCC}.Debug|iPhoneSimulator.Deploy.0 = Debug|iPhoneSimulator
		{7B68BC82-09B4-4F08-8231-49342C324CCC}.Release|Any CPU.ActiveCfg = Release|iPhone
		{7B68BC82-09B4-4F08-8231-49342C324CCC}.Release|Any CPU.Build.0 = Release|iPhone
		{7B68BC82-09B4-4F08-8231-49342C324CCC}.Release|Any CPU.Deploy.0 = Release|iPhone
		{7B68BC82-09B4-4F08-8231-49342C324CCC}.Release|iPhone.ActiveCfg = Release|iPhone
		{7B68BC82-09B4-4F08-8231-49342C324CCC}.Release|iPhone.Build.0 = Release|iPhone
		{7B68BC82-09B4-4F08-8231-49342C324CCC}.Release|iPhone.Deploy.0 = Release|iPhone
		{7B68BC82-09B4-4F08-8231-49342C324CCC}.Release|iPhoneSimulator.ActiveCfg = Release|iPhoneSimulator
		{7B68BC82-09B4-4F08-8231-49342C324CCC}.Release|iPhoneSimulator.Build.0 = Release|iPhoneSimulator
		{7B68BC82-09B4-4F08-8231-49342C324CCC}.Release|iPhoneSimulator.Deploy.0 = Release|iPhoneSimulator
		{00D634E4-EF11-46B0-AE4C-C28B88BF9912}.Ad-Hoc|Any CPU.ActiveCfg = Debug|Any CPU
		{00D634E4-EF11-46B0-AE4C-C28B88BF9912}.Ad-Hoc|Any CPU.Build.0 = Debug|Any CPU
		{00D634E4-EF11-46B0-AE4C-C28B88BF9912}.Ad-Hoc|Any CPU.Deploy.0 = Debug|Any CPU
		{00D634E4-EF11-46B0-AE4C-C28B88BF9912}.Ad-Hoc|iPhone.ActiveCfg = Debug|Any CPU
		{00D634E4-EF11-46B0-AE4C-C28B88BF9912}.Ad-Hoc|iPhone.Build.0 = Debug|Any CPU
		{00D634E4-EF11-46B0-AE4C-C28B88BF9912}.Ad-Hoc|iPhone.Deploy.0 = Debug|Any CPU
		{00D634E4-EF11-46B0-AE4C-C28B88BF9912}.Ad-Hoc|iPhoneSimulator.ActiveCfg = Debug|Any CPU
		{00D634E4-EF11-46B0-AE4C-C28B88BF9912}.Ad-Hoc|iPhoneSimulator.Build.0 = Debug|Any CPU
		{00D634E4-EF11-46B0-AE4C-C28B88BF9912}.Ad-Hoc|iPhoneSimulator.Deploy.0 = Debug|Any CPU
		{00D634E4-EF11-46B0-AE4C-C28B88BF9912}.AppStore|Any CPU.ActiveCfg = Debug|Any CPU
		{00D634E4-EF11-46B0-AE4C-C28B88BF9912}.AppStore|Any CPU.Build.0 = Debug|Any CPU
		{00D634E4-EF11-46B0-AE4C-C28B88BF9912}.AppStore|Any CPU.Deploy.0 = Debug|Any CPU
		{00D634E4-EF11-46B0-AE4C-C28B88BF9912}.AppStore|iPhone.ActiveCfg = Debug|Any CPU
		{00D634E4-EF11-46B0-AE4C-C28B88BF9912}.AppStore|iPhone.Build.0 = Debug|Any CPU
		{00D634E4-EF11-46B0-AE4C-C28B88BF9912}.AppStore|iPhone.Deploy.0 = Debug|Any CPU
		{00D634E4-EF11-46B0-AE4C-C28B88BF9912}.AppStore|iPhoneSimulator.ActiveCfg = Debug|Any CPU
		{00D634E4-EF11-46B0-AE4C-C28B88BF9912}.AppStore|iPhoneSimulator.Build.0 = Debug|Any CPU
		{00D634E4-EF11-46B0-AE4C-C28B88BF9912}.AppStore|iPhoneSimulator.Deploy.0 = Debug|Any CPU
		{00D634E4-EF11-46B0-AE4C-C28B88BF9912}.Debug|Any CPU.ActiveCfg = Debug|Any CPU
		{00D634E4-EF11-46B0-AE4C-C28B88BF9912}.Debug|Any CPU.Build.0 = Debug|Any CPU
		{00D634E4-EF11-46B0-AE4C-C28B88BF9912}.Debug|Any CPU.Deploy.0 = Debug|Any CPU
		{00D634E4-EF11-46B0-AE4C-C28B88BF9912}.Debug|iPhone.ActiveCfg = Debug|Any CPU
		{00D634E4-EF11-46B0-AE4C-C28B88BF9912}.Debug|iPhone.Build.0 = Debug|Any CPU
		{00D634E4-EF11-46B0-AE4C-C28B88BF9912}.Debug|iPhone.Deploy.0 = Debug|Any CPU
		{00D634E4-EF11-46B0-AE4C-C28B88BF9912}.Debug|iPhoneSimulator.ActiveCfg = Debug|Any CPU
		{00D634E4-EF11-46B0-AE4C-C28B88BF9912}.Debug|iPhoneSimulator.Build.0 = Debug|Any CPU
		{00D634E4-EF11-46B0-AE4C-C28B88BF9912}.Debug|iPhoneSimulator.Deploy.0 = Debug|Any CPU
		{00D634E4-EF11-46B0-AE4C-C28B88BF9912}.Release|Any CPU.ActiveCfg = Release|Any CPU
		{00D634E4-EF11-46B0-AE4C-C28B88BF9912}.Release|Any CPU.Build.0 = Release|Any CPU
		{00D634E4-EF11-46B0-AE4C-C28B88BF9912}.Release|Any CPU.Deploy.0 = Release|Any CPU
		{00D634E4-EF11-46B0-AE4C-C28B88BF9912}.Release|iPhone.ActiveCfg = Release|Any CPU
		{00D634E4-EF11-46B0-AE4C-C28B88BF9912}.Release|iPhone.Build.0 = Release|Any CPU
		{00D634E4-EF11-46B0-AE4C-C28B88BF9912}.Release|iPhone.Deploy.0 = Release|Any CPU
		{00D634E4-EF11-46B0-AE4C-C28B88BF9912}.Release|iPhoneSimulator.ActiveCfg = Release|Any CPU
		{00D634E4-EF11-46B0-AE4C-C28B88BF9912}.Release|iPhoneSimulator.Build.0 = Release|Any CPU
		{00D634E4-EF11-46B0-AE4C-C28B88BF9912}.Release|iPhoneSimulator.Deploy.0 = Release|Any CPU
	EndGlobalSection
	GlobalSection(SolutionProperties) = preSolution
		HideSolutionNode = FALSE
	EndGlobalSection
	GlobalSection(ExtensibilityGlobals) = postSolution
		SolutionGuid = {DD045E59-12C3-46C7-99C9-E9DC22EDDB87}
	EndGlobalSection
EndGlobal
